// !$*UTF8*$!
{
	archiveVersion = 1;
	classes = {
	};
	objectVersion = 50;
	objects = {

/* Begin PBXBuildFile section */
		AE89E2502176B8B1001F9760 /* AppDelegate.swift in Sources */ = {isa = PBXBuildFile; fileRef = AE89E24F2176B8B1001F9760 /* AppDelegate.swift */; };
		AE89E2522176B8B1001F9760 /* ViewController.swift in Sources */ = {isa = PBXBuildFile; fileRef = AE89E2512176B8B1001F9760 /* ViewController.swift */; };
		AE89E2552176B8B1001F9760 /* Main.storyboard in Resources */ = {isa = PBXBuildFile; fileRef = AE89E2532176B8B1001F9760 /* Main.storyboard */; };
		AE89E2572176B8B2001F9760 /* Assets.xcassets in Resources */ = {isa = PBXBuildFile; fileRef = AE89E2562176B8B2001F9760 /* Assets.xcassets */; };
		AE89E25A2176B8B2001F9760 /* LaunchScreen.storyboard in Resources */ = {isa = PBXBuildFile; fileRef = AE89E2582176B8B2001F9760 /* LaunchScreen.storyboard */; };
		AE89E2652176B8B2001F9760 /* FlashcardsTests.swift in Sources */ = {isa = PBXBuildFile; fileRef = AE89E2642176B8B2001F9760 /* FlashcardsTests.swift */; };
		AE89E2702176B8B2001F9760 /* FlashcardsUITests.swift in Sources */ = {isa = PBXBuildFile; fileRef = AE89E26F2176B8B2001F9760 /* FlashcardsUITests.swift */; };
/* End PBXBuildFile section */

/* Begin PBXContainerItemProxy section */
		AE89E2612176B8B2001F9760 /* PBXContainerItemProxy */ = {
			isa = PBXContainerItemProxy;
			containerPortal = AE89E2442176B8B1001F9760 /* Project object */;
			proxyType = 1;
			remoteGlobalIDString = AE89E24B2176B8B1001F9760;
			remoteInfo = Flashcards;
		};
		AE89E26C2176B8B2001F9760 /* PBXContainerItemProxy */ = {
			isa = PBXContainerItemProxy;
			containerPortal = AE89E2442176B8B1001F9760 /* Project object */;
			proxyType = 1;
			remoteGlobalIDString = AE89E24B2176B8B1001F9760;
			remoteInfo = Flashcards;
		};
/* End PBXContainerItemProxy section */

/* Begin PBXFileReference section */
		AE89E24C2176B8B1001F9760 /* Flashcards.app */ = {isa = PBXFileReference; explicitFileType = wrapper.application; includeInIndex = 0; path = Flashcards.app; sourceTree = BUILT_PRODUCTS_DIR; };
		AE89E24F2176B8B1001F9760 /* AppDelegate.swift */ = {isa = PBXFileReference; lastKnownFileType = sourcecode.swift; path = AppDelegate.swift; sourceTree = "<group>"; };
		AE89E2512176B8B1001F9760 /* ViewController.swift */ = {isa = PBXFileReference; lastKnownFileType = sourcecode.swift; path = ViewController.swift; sourceTree = "<group>"; };
		AE89E2542176B8B1001F9760 /* Base */ = {isa = PBXFileReference; lastKnownFileType = file.storyboard; name = Base; path = Base.lproj/Main.storyboard; sourceTree = "<group>"; };
		AE89E2562176B8B2001F9760 /* Assets.xcassets */ = {isa = PBXFileReference; lastKnownFileType = folder.assetcatalog; path = Assets.xcassets; sourceTree = "<group>"; };
		AE89E2592176B8B2001F9760 /* Base */ = {isa = PBXFileReference; lastKnownFileType = file.storyboard; name = Base; path = Base.lproj/LaunchScreen.storyboard; sourceTree = "<group>"; };
		AE89E25B2176B8B2001F9760 /* Info.plist */ = {isa = PBXFileReference; lastKnownFileType = text.plist.xml; path = Info.plist; sourceTree = "<group>"; };
		AE89E2602176B8B2001F9760 /* FlashcardsTests.xctest */ = {isa = PBXFileReference; explicitFileType = wrapper.cfbundle; includeInIndex = 0; path = FlashcardsTests.xctest; sourceTree = BUILT_PRODUCTS_DIR; };
		AE89E2642176B8B2001F9760 /* FlashcardsTests.swift */ = {isa = PBXFileReference; lastKnownFileType = sourcecode.swift; path = FlashcardsTests.swift; sourceTree = "<group>"; };
		AE89E2662176B8B2001F9760 /* Info.plist */ = {isa = PBXFileReference; lastKnownFileType = text.plist.xml; path = Info.plist; sourceTree = "<group>"; };
		AE89E26B2176B8B2001F9760 /* FlashcardsUITests.xctest */ = {isa = PBXFileReference; explicitFileType = wrapper.cfbundle; includeInIndex = 0; path = FlashcardsUITests.xctest; sourceTree = BUILT_PRODUCTS_DIR; };
		AE89E26F2176B8B2001F9760 /* FlashcardsUITests.swift */ = {isa = PBXFileReference; lastKnownFileType = sourcecode.swift; path = FlashcardsUITests.swift; sourceTree = "<group>"; };
		AE89E2712176B8B2001F9760 /* Info.plist */ = {isa = PBXFileReference; lastKnownFileType = text.plist.xml; path = Info.plist; sourceTree = "<group>"; };
/* End PBXFileReference section */

/* Begin PBXFrameworksBuildPhase section */
		AE89E2492176B8B1001F9760 /* Frameworks */ = {
			isa = PBXFrameworksBuildPhase;
			buildActionMask = 2147483647;
			files = (
			);
			runOnlyForDeploymentPostprocessing = 0;
		};
		AE89E25D2176B8B2001F9760 /* Frameworks */ = {
			isa = PBXFrameworksBuildPhase;
			buildActionMask = 2147483647;
			files = (
			);
			runOnlyForDeploymentPostprocessing = 0;
		};
		AE89E2682176B8B2001F9760 /* Frameworks */ = {
			isa = PBXFrameworksBuildPhase;
			buildActionMask = 2147483647;
			files = (
			);
			runOnlyForDeploymentPostprocessing = 0;
		};
/* End PBXFrameworksBuildPhase section */

/* Begin PBXGroup section */
		AE89E2432176B8B1001F9760 = {
			isa = PBXGroup;
			children = (
				AE89E24E2176B8B1001F9760 /* Flashcards */,
				AE89E2632176B8B2001F9760 /* FlashcardsTests */,
				AE89E26E2176B8B2001F9760 /* FlashcardsUITests */,
				AE89E24D2176B8B1001F9760 /* Products */,
			);
			sourceTree = "<group>";
		};
		AE89E24D2176B8B1001F9760 /* Products */ = {
			isa = PBXGroup;
			children = (
				AE89E24C2176B8B1001F9760 /* Flashcards.app */,
				AE89E2602176B8B2001F9760 /* FlashcardsTests.xctest */,
				AE89E26B2176B8B2001F9760 /* FlashcardsUITests.xctest */,
			);
			name = Products;
			sourceTree = "<group>";
		};
		AE89E24E2176B8B1001F9760 /* Flashcards */ = {
			isa = PBXGroup;
			children = (
				AE89E24F2176B8B1001F9760 /* AppDelegate.swift */,
				AE89E2512176B8B1001F9760 /* ViewController.swift */,
				AE89E2532176B8B1001F9760 /* Main.storyboard */,
				AE89E2562176B8B2001F9760 /* Assets.xcassets */,
				AE89E2582176B8B2001F9760 /* LaunchScreen.storyboard */,
				AE89E25B2176B8B2001F9760 /* Info.plist */,
			);
			path = Flashcards;
			sourceTree = "<group>";
		};
		AE89E2632176B8B2001F9760 /* FlashcardsTests */ = {
			isa = PBXGroup;
			children = (
				AE89E2642176B8B2001F9760 /* FlashcardsTests.swift */,
				AE89E2662176B8B2001F9760 /* Info.plist */,
			);
			path = FlashcardsTests;
			sourceTree = "<group>";
		};
		AE89E26E2176B8B2001F9760 /* FlashcardsUITests */ = {
			isa = PBXGroup;
			children = (
				AE89E26F2176B8B2001F9760 /* FlashcardsUITests.swift */,
				AE89E2712176B8B2001F9760 /* Info.plist */,
			);
			path = FlashcardsUITests;
			sourceTree = "<group>";
		};
/* End PBXGroup section */

/* Begin PBXNativeTarget section */
		AE89E24B2176B8B1001F9760 /* Flashcards */ = {
			isa = PBXNativeTarget;
			buildConfigurationList = AE89E2742176B8B2001F9760 /* Build configuration list for PBXNativeTarget "Flashcards" */;
			buildPhases = (
				AE89E2482176B8B1001F9760 /* Sources */,
				AE89E2492176B8B1001F9760 /* Frameworks */,
				AE89E24A2176B8B1001F9760 /* Resources */,
			);
			buildRules = (
			);
			dependencies = (
			);
			name = Flashcards;
			productName = Flashcards;
			productReference = AE89E24C2176B8B1001F9760 /* Flashcards.app */;
			productType = "com.apple.product-type.application";
		};
		AE89E25F2176B8B2001F9760 /* FlashcardsTests */ = {
			isa = PBXNativeTarget;
			buildConfigurationList = AE89E2772176B8B2001F9760 /* Build configuration list for PBXNativeTarget "FlashcardsTests" */;
			buildPhases = (
				AE89E25C2176B8B2001F9760 /* Sources */,
				AE89E25D2176B8B2001F9760 /* Frameworks */,
				AE89E25E2176B8B2001F9760 /* Resources */,
			);
			buildRules = (
			);
			dependencies = (
				AE89E2622176B8B2001F9760 /* PBXTargetDependency */,
			);
			name = FlashcardsTests;
			productName = FlashcardsTests;
			productReference = AE89E2602176B8B2001F9760 /* FlashcardsTests.xctest */;
			productType = "com.apple.product-type.bundle.unit-test";
		};
		AE89E26A2176B8B2001F9760 /* FlashcardsUITests */ = {
			isa = PBXNativeTarget;
			buildConfigurationList = AE89E27A2176B8B2001F9760 /* Build configuration list for PBXNativeTarget "FlashcardsUITests" */;
			buildPhases = (
				AE89E2672176B8B2001F9760 /* Sources */,
				AE89E2682176B8B2001F9760 /* Frameworks */,
				AE89E2692176B8B2001F9760 /* Resources */,
			);
			buildRules = (
			);
			dependencies = (
				AE89E26D2176B8B2001F9760 /* PBXTargetDependency */,
			);
			name = FlashcardsUITests;
			productName = FlashcardsUITests;
			productReference = AE89E26B2176B8B2001F9760 /* FlashcardsUITests.xctest */;
			productType = "com.apple.product-type.bundle.ui-testing";
		};
/* End PBXNativeTarget section */

/* Begin PBXProject section */
		AE89E2442176B8B1001F9760 /* Project object */ = {
			isa = PBXProject;
			attributes = {
				LastSwiftUpdateCheck = 1000;
				LastUpgradeCheck = 1000;
				ORGANIZATIONNAME = "Pablo Bickenbach";
				TargetAttributes = {
					AE89E24B2176B8B1001F9760 = {
						CreatedOnToolsVersion = 10.0;
					};
					AE89E25F2176B8B2001F9760 = {
						CreatedOnToolsVersion = 10.0;
						TestTargetID = AE89E24B2176B8B1001F9760;
					};
					AE89E26A2176B8B2001F9760 = {
						CreatedOnToolsVersion = 10.0;
						TestTargetID = AE89E24B2176B8B1001F9760;
					};
				};
			};
			buildConfigurationList = AE89E2472176B8B1001F9760 /* Build configuration list for PBXProject "Flashcards" */;
			compatibilityVersion = "Xcode 9.3";
			developmentRegion = en;
			hasScannedForEncodings = 0;
			knownRegions = (
				en,
				Base,
			);
			mainGroup = AE89E2432176B8B1001F9760;
			productRefGroup = AE89E24D2176B8B1001F9760 /* Products */;
			projectDirPath = "";
			projectRoot = "";
			targets = (
				AE89E24B2176B8B1001F9760 /* Flashcards */,
				AE89E25F2176B8B2001F9760 /* FlashcardsTests */,
				AE89E26A2176B8B2001F9760 /* FlashcardsUITests */,
			);
		};
/* End PBXProject section */

/* Begin PBXResourcesBuildPhase section */
		AE89E24A2176B8B1001F9760 /* Resources */ = {
			isa = PBXResourcesBuildPhase;
			buildActionMask = 2147483647;
			files = (
				AE89E25A2176B8B2001F9760 /* LaunchScreen.storyboard in Resources */,
				AE89E2572176B8B2001F9760 /* Assets.xcassets in Resources */,
				AE89E2552176B8B1001F9760 /* Main.storyboard in Resources */,
			);
			runOnlyForDeploymentPostprocessing = 0;
		};
		AE89E25E2176B8B2001F9760 /* Resources */ = {
			isa = PBXResourcesBuildPhase;
			buildActionMask = 2147483647;
			files = (
			);
			runOnlyForDeploymentPostprocessing = 0;
		};
		AE89E2692176B8B2001F9760 /* Resources */ = {
			isa = PBXResourcesBuildPhase;
			buildActionMask = 2147483647;
			files = (
			);
			runOnlyForDeploymentPostprocessing = 0;
		};
/* End PBXResourcesBuildPhase section */

/* Begin PBXSourcesBuildPhase section */
		AE89E2482176B8B1001F9760 /* Sources */ = {
			isa = PBXSourcesBuildPhase;
			buildActionMask = 2147483647;
			files = (
				AE89E2522176B8B1001F9760 /* ViewController.swift in Sources */,
				AE89E2502176B8B1001F9760 /* AppDelegate.swift in Sources */,
			);
			runOnlyForDeploymentPostprocessing = 0;
		};
		AE89E25C2176B8B2001F9760 /* Sources */ = {
			isa = PBXSourcesBuildPhase;
			buildActionMask = 2147483647;
			files = (
				AE89E2652176B8B2001F9760 /* FlashcardsTests.swift in Sources */,
			);
			runOnlyForDeploymentPostprocessing = 0;
		};
		AE89E2672176B8B2001F9760 /* Sources */ = {
			isa = PBXSourcesBuildPhase;
			buildActionMask = 2147483647;
			files = (
				AE89E2702176B8B2001F9760 /* FlashcardsUITests.swift in Sources */,
			);
			runOnlyForDeploymentPostprocessing = 0;
		};
/* End PBXSourcesBuildPhase section */

/* Begin PBXTargetDependency section */
		AE89E2622176B8B2001F9760 /* PBXTargetDependency */ = {
			isa = PBXTargetDependency;
			target = AE89E24B2176B8B1001F9760 /* Flashcards */;
			targetProxy = AE89E2612176B8B2001F9760 /* PBXContainerItemProxy */;
		};
		AE89E26D2176B8B2001F9760 /* PBXTargetDependency */ = {
			isa = PBXTargetDependency;
			target = AE89E24B2176B8B1001F9760 /* Flashcards */;
			targetProxy = AE89E26C2176B8B2001F9760 /* PBXContainerItemProxy */;
		};
/* End PBXTargetDependency section */

/* Begin PBXVariantGroup section */
		AE89E2532176B8B1001F9760 /* Main.storyboard */ = {
			isa = PBXVariantGroup;
			children = (
				AE89E2542176B8B1001F9760 /* Base */,
			);
			name = Main.storyboard;
			sourceTree = "<group>";
		};
		AE89E2582176B8B2001F9760 /* LaunchScreen.storyboard */ = {
			isa = PBXVariantGroup;
			children = (
				AE89E2592176B8B2001F9760 /* Base */,
			);
			name = LaunchScreen.storyboard;
			sourceTree = "<group>";
		};
/* End PBXVariantGroup section */

/* Begin XCBuildConfiguration section */
		AE89E2722176B8B2001F9760 /* Debug */ = {
			isa = XCBuildConfiguration;
			buildSettings = {
				ALWAYS_SEARCH_USER_PATHS = NO;
				CLANG_ANALYZER_NONNULL = YES;
				CLANG_ANALYZER_NUMBER_OBJECT_CONVERSION = YES_AGGRESSIVE;
				CLANG_CXX_LANGUAGE_STANDARD = "gnu++14";
				CLANG_CXX_LIBRARY = "libc++";
				CLANG_ENABLE_MODULES = YES;
				CLANG_ENABLE_OBJC_ARC = YES;
				CLANG_ENABLE_OBJC_WEAK = YES;
				CLANG_WARN_BLOCK_CAPTURE_AUTORELEASING = YES;
				CLANG_WARN_BOOL_CONVERSION = YES;
				CLANG_WARN_COMMA = YES;
				CLANG_WARN_CONSTANT_CONVERSION = YES;
				CLANG_WARN_DEPRECATED_OBJC_IMPLEMENTATIONS = YES;
				CLANG_WARN_DIRECT_OBJC_ISA_USAGE = YES_ERROR;
				CLANG_WARN_DOCUMENTATION_COMMENTS = YES;
				CLANG_WARN_EMPTY_BODY = YES;
				CLANG_WARN_ENUM_CONVERSION = YES;
				CLANG_WARN_INFINITE_RECURSION = YES;
				CLANG_WARN_INT_CONVERSION = YES;
				CLANG_WARN_NON_LITERAL_NULL_CONVERSION = YES;
				CLANG_WARN_OBJC_IMPLICIT_RETAIN_SELF = YES;
				CLANG_WARN_OBJC_LITERAL_CONVERSION = YES;
				CLANG_WARN_OBJC_ROOT_CLASS = YES_ERROR;
				CLANG_WARN_RANGE_LOOP_ANALYSIS = YES;
				CLANG_WARN_STRICT_PROTOTYPES = YES;
				CLANG_WARN_SUSPICIOUS_MOVE = YES;
				CLANG_WARN_UNGUARDED_AVAILABILITY = YES_AGGRESSIVE;
				CLANG_WARN_UNREACHABLE_CODE = YES;
				CLANG_WARN__DUPLICATE_METHOD_MATCH = YES;
				CODE_SIGN_IDENTITY = "iPhone Developer";
				COPY_PHASE_STRIP = NO;
				DEBUG_INFORMATION_FORMAT = dwarf;
				ENABLE_STRICT_OBJC_MSGSEND = YES;
				ENABLE_TESTABILITY = YES;
				GCC_C_LANGUAGE_STANDARD = gnu11;
				GCC_DYNAMIC_NO_PIC = NO;
				GCC_NO_COMMON_BLOCKS = YES;
				GCC_OPTIMIZATION_LEVEL = 0;
				GCC_PREPROCESSOR_DEFINITIONS = (
					"DEBUG=1",
					"$(inherited)",
				);
				GCC_WARN_64_TO_32_BIT_CONVERSION = YES;
				GCC_WARN_ABOUT_RETURN_TYPE = YES_ERROR;
				GCC_WARN_UNDECLARED_SELECTOR = YES;
				GCC_WARN_UNINITIALIZED_AUTOS = YES_AGGRESSIVE;
				GCC_WARN_UNUSED_FUNCTION = YES;
				GCC_WARN_UNUSED_VARIABLE = YES;
				IPHONEOS_DEPLOYMENT_TARGET = 12.0;
				MTL_ENABLE_DEBUG_INFO = INCLUDE_SOURCE;
				MTL_FAST_MATH = YES;
				ONLY_ACTIVE_ARCH = YES;
				SDKROOT = iphoneos;
				SWIFT_ACTIVE_COMPILATION_CONDITIONS = DEBUG;
				SWIFT_OPTIMIZATION_LEVEL = "-Onone";
			};
			name = Debug;
		};
		AE89E2732176B8B2001F9760 /* Release */ = {
			isa = XCBuildConfiguration;
			buildSettings = {
				ALWAYS_SEARCH_USER_PATHS = NO;
				CLANG_ANALYZER_NONNULL = YES;
				CLANG_ANALYZER_NUMBER_OBJECT_CONVERSION = YES_AGGRESSIVE;
				CLANG_CXX_LANGUAGE_STANDARD = "gnu++14";
				CLANG_CXX_LIBRARY = "libc++";
				CLANG_ENABLE_MODULES = YES;
				CLANG_ENABLE_OBJC_ARC = YES;
				CLANG_ENABLE_OBJC_WEAK = YES;
				CLANG_WARN_BLOCK_CAPTURE_AUTORELEASING = YES;
				CLANG_WARN_BOOL_CONVERSION = YES;
				CLANG_WARN_COMMA = YES;
				CLANG_WARN_CONSTANT_CONVERSION = YES;
				CLANG_WARN_DEPRECATED_OBJC_IMPLEMENTATIONS = YES;
				CLANG_WARN_DIRECT_OBJC_ISA_USAGE = YES_ERROR;
				CLANG_WARN_DOCUMENTATION_COMMENTS = YES;
				CLANG_WARN_EMPTY_BODY = YES;
				CLANG_WARN_ENUM_CONVERSION = YES;
				CLANG_WARN_INFINITE_RECURSION = YES;
				CLANG_WARN_INT_CONVERSION = YES;
				CLANG_WARN_NON_LITERAL_NULL_CONVERSION = YES;
				CLANG_WARN_OBJC_IMPLICIT_RETAIN_SELF = YES;
				CLANG_WARN_OBJC_LITERAL_CONVERSION = YES;
				CLANG_WARN_OBJC_ROOT_CLASS = YES_ERROR;
				CLANG_WARN_RANGE_LOOP_ANALYSIS = YES;
				CLANG_WARN_STRICT_PROTOTYPES = YES;
				CLANG_WARN_SUSPICIOUS_MOVE = YES;
				CLANG_WARN_UNGUARDED_AVAILABILITY = YES_AGGRESSIVE;
				CLANG_WARN_UNREACHABLE_CODE = YES;
				CLANG_WARN__DUPLICATE_METHOD_MATCH = YES;
				CODE_SIGN_IDENTITY = "iPhone Developer";
				COPY_PHASE_STRIP = NO;
				DEBUG_INFORMATION_FORMAT = "dwarf-with-dsym";
				ENABLE_NS_ASSERTIONS = NO;
				ENABLE_STRICT_OBJC_MSGSEND = YES;
				GCC_C_LANGUAGE_STANDARD = gnu11;
				GCC_NO_COMMON_BLOCKS = YES;
				GCC_WARN_64_TO_32_BIT_CONVERSION = YES;
				GCC_WARN_ABOUT_RETURN_TYPE = YES_ERROR;
				GCC_WARN_UNDECLARED_SELECTOR = YES;
				GCC_WARN_UNINITIALIZED_AUTOS = YES_AGGRESSIVE;
				GCC_WARN_UNUSED_FUNCTION = YES;
				GCC_WARN_UNUSED_VARIABLE = YES;
				IPHONEOS_DEPLOYMENT_TARGET = 12.0;
				MTL_ENABLE_DEBUG_INFO = NO;
				MTL_FAST_MATH = YES;
				SDKROOT = iphoneos;
				SWIFT_COMPILATION_MODE = wholemodule;
				SWIFT_OPTIMIZATION_LEVEL = "-O";
				VALIDATE_PRODUCT = YES;
			};
			name = Release;
		};
		AE89E2752176B8B2001F9760 /* Debug */ = {
			isa = XCBuildConfiguration;
			buildSettings = {
				ASSETCATALOG_COMPILER_APPICON_NAME = AppIcon;
				CODE_SIGN_STYLE = Automatic;
				INFOPLIST_FILE = Flashcards/Info.plist;
				LD_RUNPATH_SEARCH_PATHS = (
					"$(inherited)",
					"@executable_path/Frameworks",
				);
				PRODUCT_BUNDLE_IDENTIFIER = com.pablobickenbach.Flashcards;
				PRODUCT_NAME = "$(TARGET_NAME)";
				SWIFT_VERSION = 4.2;
				TARGETED_DEVICE_FAMILY = "1,2";
			};
			name = Debug;
		};
		AE89E2762176B8B2001F9760 /* Release */ = {
			isa = XCBuildConfiguration;
			buildSettings = {
				ASSETCATALOG_COMPILER_APPICON_NAME = AppIcon;
				CODE_SIGN_STYLE = Automatic;
				INFOPLIST_FILE = Flashcards/Info.plist;
				LD_RUNPATH_SEARCH_PATHS = (
					"$(inherited)",
					"@executable_path/Frameworks",
				);
				PRODUCT_BUNDLE_IDENTIFIER = com.pablobickenbach.Flashcards;
				PRODUCT_NAME = "$(TARGET_NAME)";
				SWIFT_VERSION = 4.2;
				TARGETED_DEVICE_FAMILY = "1,2";
			};
			name = Release;
		};
		AE89E2782176B8B2001F9760 /* Debug */ = {
			isa = XCBuildConfiguration;
			buildSettings = {
				ALWAYS_EMBED_SWIFT_STANDARD_LIBRARIES = YES;
				BUNDLE_LOADER = "$(TEST_HOST)";
				CODE_SIGN_STYLE = Automatic;
				INFOPLIST_FILE = FlashcardsTests/Info.plist;
				LD_RUNPATH_SEARCH_PATHS = (
					"$(inherited)",
					"@executable_path/Frameworks",
					"@loader_path/Frameworks",
				);
				PRODUCT_BUNDLE_IDENTIFIER = com.pablobickenbach.FlashcardsTests;
				PRODUCT_NAME = "$(TARGET_NAME)";
				SWIFT_VERSION = 4.2;
				TARGETED_DEVICE_FAMILY = "1,2";
				TEST_HOST = "$(BUILT_PRODUCTS_DIR)/Flashcards.app/Flashcards";
			};
			name = Debug;
		};
		AE89E2792176B8B2001F9760 /* Release */ = {
			isa = XCBuildConfiguration;
			buildSettings = {
				ALWAYS_EMBED_SWIFT_STANDARD_LIBRARIES = YES;
				BUNDLE_LOADER = "$(TEST_HOST)";
				CODE_SIGN_STYLE = Automatic;
				INFOPLIST_FILE = FlashcardsTests/Info.plist;
				LD_RUNPATH_SEARCH_PATHS = (
					"$(inherited)",
					"@executable_path/Frameworks",
					"@loader_path/Frameworks",
				);
				PRODUCT_BUNDLE_IDENTIFIER = com.pablobickenbach.FlashcardsTests;
				PRODUCT_NAME = "$(TARGET_NAME)";
				SWIFT_VERSION = 4.2;
				TARGETED_DEVICE_FAMILY = "1,2";
				TEST_HOST = "$(BUILT_PRODUCTS_DIR)/Flashcards.app/Flashcards";
			};
			name = Release;
		};
		AE89E27B2176B8B2001F9760 /* Debug */ = {
			isa = XCBuildConfiguration;
			buildSettings = {
				ALWAYS_EMBED_SWIFT_STANDARD_LIBRARIES = YES;
				CODE_SIGN_STYLE = Automatic;
				INFOPLIST_FILE = FlashcardsUITests/Info.plist;
				LD_RUNPATH_SEARCH_PATHS = (
					"$(inherited)",
					"@executable_path/Frameworks",
					"@loader_path/Frameworks",
				);
				PRODUCT_BUNDLE_IDENTIFIER = com.pablobickenbach.FlashcardsUITests;
				PRODUCT_NAME = "$(TARGET_NAME)";
				SWIFT_VERSION = 4.2;
				TARGETED_DEVICE_FAMILY = "1,2";
				TEST_TARGET_NAME = Flashcards;
			};
			name = Debug;
		};
		AE89E27C2176B8B2001F9760 /* Release */ = {
			isa = XCBuildConfiguration;
			buildSettings = {
				ALWAYS_EMBED_SWIFT_STANDARD_LIBRARIES = YES;
				CODE_SIGN_STYLE = Automatic;
				INFOPLIST_FILE = FlashcardsUITests/Info.plist;
				LD_RUNPATH_SEARCH_PATHS = (
					"$(inherited)",
					"@executable_path/Frameworks",
					"@loader_path/Frameworks",
				);
				PRODUCT_BUNDLE_IDENTIFIER = com.pablobickenbach.FlashcardsUITests;
				PRODUCT_NAME = "$(TARGET_NAME)";
				SWIFT_VERSION = 4.2;
				TARGETED_DEVICE_FAMILY = "1,2";
				TEST_TARGET_NAME = Flashcards;
			};
			name = Release;
		};
/* End XCBuildConfiguration section */

/* Begin XCConfigurationList section */
		AE89E2472176B8B1001F9760 /* Build configuration list for PBXProject "Flashcards" */ = {
			isa = XCConfigurationList;
			buildConfigurations = (
				AE89E2722176B8B2001F9760 /* Debug */,
				AE89E2732176B8B2001F9760 /* Release */,
			);
			defaultConfigurationIsVisible = 0;
			defaultConfigurationName = Release;
		};
		AE89E2742176B8B2001F9760 /* Build configuration list for PBXNativeTarget "Flashcards" */ = {
			isa = XCConfigurationList;
			buildConfigurations = (
				AE89E2752176B8B2001F9760 /* Debug */,
				AE89E2762176B8B2001F9760 /* Release */,
			);
			defaultConfigurationIsVisible = 0;
			defaultConfigurationName = Release;
		};
		AE89E2772176B8B2001F9760 /* Build configuration list for PBXNativeTarget "FlashcardsTests" */ = {
			isa = XCConfigurationList;
			buildConfigurations = (
				AE89E2782176B8B2001F9760 /* Debug */,
				AE89E2792176B8B2001F9760 /* Release */,
			);
			defaultConfigurationIsVisible = 0;
			defaultConfigurationName = Release;
		};
		AE89E27A2176B8B2001F9760 /* Build configuration list for PBXNativeTarget "FlashcardsUITests" */ = {
			isa = XCConfigurationList;
			buildConfigurations = (
				AE89E27B2176B8B2001F9760 /* Debug */,
				AE89E27C2176B8B2001F9760 /* Release */,
			);
			defaultConfigurationIsVisible = 0;
			defaultConfigurationName = Release;
		};
/* End XCConfigurationList section */
	};
	rootObject = AE89E2442176B8B1001F9760 /* Project object */;
}
